github.com/golang/glog v0.0.0-20160126235308-23def4e6c14b h1:VKtxabqXZkF25pY9ekfRL6a582T4P37/31XEstQ5p58=
github.com/golang/glog v0.0.0-20160126235308-23def4e6c14b/go.mod h1:SBH7ygxi8pfUlaOkMMuAQtPIUF8ecWP5IEl/CR7VP2Q=
github.com/q3k/speedtest v0.0.0-20190630060004-d18f21107a43 h1:0g0AvEkvqQpp7DocEcgryBLSi0LlJh1SR4GteVXC1+o=
